
Microsoft Visual Studio Solution File, Format Version 12.00
# Visual Studio Version 17
VisualStudioVersion = 17.12.35527.113
MinimumVisualStudioVersion = 10.0.40219.1
Project("{FAE04EC0-301F-11D3-BF4B-00C04F79EFBC}") = "Sbroglione", "Sbroglione\Sbroglione.csproj", "{371C22EF-3F4C-4456-8784-FFE7F4D19F34}"
EndProject
Project("{FAE04EC0-301F-11D3-BF4B-00C04F79EFBC}") = "Sbroglione.Desktop", "Sbroglione.Desktop\Sbroglione.Desktop.csproj", "{5513EB62-B08A-4CD1-88B4-727DCA46A5D3}"
EndProject
Project("{FAE04EC0-301F-11D3-BF4B-00C04F79EFBC}") = "Sbroglione.Tests", "Sbroglione.Tests\Sbroglione.Tests.csproj", "{A2E2E8CA-ADAA-413F-85F3-D6F85C3BD5C7}"
EndProject
Project("{FAE04EC0-301F-11D3-BF4B-00C04F79EFBC}") = "Sbroglione.Android", "Sbroglione.Android\Sbroglione.Android.csproj", "{BFC54AD0-B88B-4850-876E-7BC1FCBD180B}"
EndProject
Global
	GlobalSection(SolutionConfigurationPlatforms) = preSolution
		Debug|Any CPU = Debug|Any CPU
		Debug|x64 = Debug|x64
		Debug|x86 = Debug|x86
		Release|Any CPU = Release|Any CPU
		Release|x64 = Release|x64
		Release|x86 = Release|x86
	EndGlobalSection
	GlobalSection(ProjectConfigurationPlatforms) = postSolution
		{371C22EF-3F4C-4456-8784-FFE7F4D19F34}.Debug|Any CPU.ActiveCfg = Debug|Any CPU
		{371C22EF-3F4C-4456-8784-FFE7F4D19F34}.Debug|Any CPU.Build.0 = Debug|Any CPU
		{371C22EF-3F4C-4456-8784-FFE7F4D19F34}.Debug|x64.ActiveCfg = Debug|Any CPU
		{371C22EF-3F4C-4456-8784-FFE7F4D19F34}.Debug|x64.Build.0 = Debug|Any CPU
		{371C22EF-3F4C-4456-8784-FFE7F4D19F34}.Debug|x86.ActiveCfg = Debug|Any CPU
		{371C22EF-3F4C-4456-8784-FFE7F4D19F34}.Debug|x86.Build.0 = Debug|Any CPU
		{371C22EF-3F4C-4456-8784-FFE7F4D19F34}.Release|Any CPU.ActiveCfg = Release|Any CPU
		{371C22EF-3F4C-4456-8784-FFE7F4D19F34}.Release|Any CPU.Build.0 = Release|Any CPU
		{371C22EF-3F4C-4456-8784-FFE7F4D19F34}.Release|x64.ActiveCfg = Release|Any CPU
		{371C22EF-3F4C-4456-8784-FFE7F4D19F34}.Release|x64.Build.0 = Release|Any CPU
		{371C22EF-3F4C-4456-8784-FFE7F4D19F34}.Release|x86.ActiveCfg = Release|Any CPU
		{371C22EF-3F4C-4456-8784-FFE7F4D19F34}.Release|x86.Build.0 = Release|Any CPU
		{5513EB62-B08A-4CD1-88B4-727DCA46A5D3}.Debug|Any CPU.ActiveCfg = Debug|Any CPU
		{5513EB62-B08A-4CD1-88B4-727DCA46A5D3}.Debug|Any CPU.Build.0 = Debug|Any CPU
		{5513EB62-B08A-4CD1-88B4-727DCA46A5D3}.Debug|x64.ActiveCfg = Debug|Any CPU
		{5513EB62-B08A-4CD1-88B4-727DCA46A5D3}.Debug|x64.Build.0 = Debug|Any CPU
		{5513EB62-B08A-4CD1-88B4-727DCA46A5D3}.Debug|x86.ActiveCfg = Debug|Any CPU
		{5513EB62-B08A-4CD1-88B4-727DCA46A5D3}.Debug|x86.Build.0 = Debug|Any CPU
		{5513EB62-B08A-4CD1-88B4-727DCA46A5D3}.Release|Any CPU.ActiveCfg = Release|Any CPU
		{5513EB62-B08A-4CD1-88B4-727DCA46A5D3}.Release|Any CPU.Build.0 = Release|Any CPU
		{5513EB62-B08A-4CD1-88B4-727DCA46A5D3}.Release|x64.ActiveCfg = Release|Any CPU
		{5513EB62-B08A-4CD1-88B4-727DCA46A5D3}.Release|x64.Build.0 = Release|Any CPU
		{5513EB62-B08A-4CD1-88B4-727DCA46A5D3}.Release|x86.ActiveCfg = Release|Any CPU
		{5513EB62-B08A-4CD1-88B4-727DCA46A5D3}.Release|x86.Build.0 = Release|Any CPU
		{A2E2E8CA-ADAA-413F-85F3-D6F85C3BD5C7}.Debug|Any CPU.ActiveCfg = Debug|Any CPU
		{A2E2E8CA-ADAA-413F-85F3-D6F85C3BD5C7}.Debug|Any CPU.Build.0 = Debug|Any CPU
		{A2E2E8CA-ADAA-413F-85F3-D6F85C3BD5C7}.Debug|x64.ActiveCfg = Debug|Any CPU
		{A2E2E8CA-ADAA-413F-85F3-D6F85C3BD5C7}.Debug|x64.Build.0 = Debug|Any CPU
		{A2E2E8CA-ADAA-413F-85F3-D6F85C3BD5C7}.Debug|x86.ActiveCfg = Debug|Any CPU
		{A2E2E8CA-ADAA-413F-85F3-D6F85C3BD5C7}.Debug|x86.Build.0 = Debug|Any CPU
		{A2E2E8CA-ADAA-413F-85F3-D6F85C3BD5C7}.Release|Any CPU.ActiveCfg = Release|Any CPU
		{A2E2E8CA-ADAA-413F-85F3-D6F85C3BD5C7}.Release|Any CPU.Build.0 = Release|Any CPU
		{A2E2E8CA-ADAA-413F-85F3-D6F85C3BD5C7}.Release|x64.ActiveCfg = Release|Any CPU
		{A2E2E8CA-ADAA-413F-85F3-D6F85C3BD5C7}.Release|x64.Build.0 = Release|Any CPU
		{A2E2E8CA-ADAA-413F-85F3-D6F85C3BD5C7}.Release|x86.ActiveCfg = Release|Any CPU
		{A2E2E8CA-ADAA-413F-85F3-D6F85C3BD5C7}.Release|x86.Build.0 = Release|Any CPU
		{BFC54AD0-B88B-4850-876E-7BC1FCBD180B}.Debug|Any CPU.ActiveCfg = Debug|Any CPU
		{BFC54AD0-B88B-4850-876E-7BC1FCBD180B}.Debug|Any CPU.Build.0 = Debug|Any CPU
		{BFC54AD0-B88B-4850-876E-7BC1FCBD180B}.Debug|x64.ActiveCfg = Debug|Any CPU
		{BFC54AD0-B88B-4850-876E-7BC1FCBD180B}.Debug|x64.Build.0 = Debug|Any CPU
		{BFC54AD0-B88B-4850-876E-7BC1FCBD180B}.Debug|x86.ActiveCfg = Debug|Any CPU
		{BFC54AD0-B88B-4850-876E-7BC1FCBD180B}.Debug|x86.Build.0 = Debug|Any CPU
		{BFC54AD0-B88B-4850-876E-7BC1FCBD180B}.Release|Any CPU.ActiveCfg = Release|Any CPU
		{BFC54AD0-B88B-4850-876E-7BC1FCBD180B}.Release|Any CPU.Build.0 = Release|Any CPU
		{BFC54AD0-B88B-4850-876E-7BC1FCBD180B}.Release|x64.ActiveCfg = Release|Any CPU
		{BFC54AD0-B88B-4850-876E-7BC1FCBD180B}.Release|x64.Build.0 = Release|Any CPU
		{BFC54AD0-B88B-4850-876E-7BC1FCBD180B}.Release|x86.ActiveCfg = Release|Any CPU
		{BFC54AD0-B88B-4850-876E-7BC1FCBD180B}.Release|x86.Build.0 = Release|Any CPU
	EndGlobalSection
	GlobalSection(SolutionProperties) = preSolution
		HideSolutionNode = FALSE
	EndGlobalSection
EndGlobal
